
Microsoft Visual Studio Solution File, Format Version 12.00
# Visual Studio Version 16
VisualStudioVersion = 16.0.29424.173
MinimumVisualStudioVersion = 10.0.40219.1
Project("{FAE04EC0-301F-11D3-BF4B-00C04F79EFBC}") = "WinFormDB01", "WinFormDB01\WinFormDB01.csproj", "{6F0540A1-76CF-45D2-898C-7F29DC64E92F}"
EndProject
Project("{FAE04EC0-301F-11D3-BF4B-00C04F79EFBC}") = "WinFormDB02_DataReader", "WinFormDB02_DataReader\WinFormDB02_DataReader.csproj", "{3403426E-716D-43A0-B634-B4FFC7968278}"
EndProject
Project("{FAE04EC0-301F-11D3-BF4B-00C04F79EFBC}") = "WinFormDB03_CRUD", "WinFormDB03_CRUD\WinFormDB03_CRUD.csproj", "{6EA1CEB2-4F45-4028-84E4-5AB9D0F54CC7}"
EndProject
Project("{FAE04EC0-301F-11D3-BF4B-00C04F79EFBC}") = "WinFormDB04_SUID", "WinFormDB04_SUID\WinFormDB04_SUID.csproj", "{4AB26533-1F36-4965-A738-ADD4703DB93C}"
EndProject
Project("{FAE04EC0-301F-11D3-BF4B-00C04F79EFBC}") = "WinFormDB05_DataTable", "WinFormDB05_DataTable\WinFormDB05_DataTable.csproj", "{6E231C4A-4A94-47C7-B932-B26C6A0936CC}"
EndProject
Project("{FAE04EC0-301F-11D3-BF4B-00C04F79EFBC}") = "WinFormDB05_DataTable_SUID", "WinFormDB05_DataTable_SUID\WinFormDB05_DataTable_SUID.csproj", "{F0FEA3E7-B229-4F52-AB23-E2BAECA7893E}"
EndProject
Project("{FAE04EC0-301F-11D3-BF4B-00C04F79EFBC}") = "WinFormDB06_DataSet", "WinFormDB06_DataSet\WinFormDB06_DataSet.csproj", "{657BFB91-1AC4-400F-9841-FDB345BD6E12}"
EndProject
Global
	GlobalSection(SolutionConfigurationPlatforms) = preSolution
		Debug|Any CPU = Debug|Any CPU
		Debug|x64 = Debug|x64
		Debug|x86 = Debug|x86
		Release|Any CPU = Release|Any CPU
		Release|x64 = Release|x64
		Release|x86 = Release|x86
	EndGlobalSection
	GlobalSection(ProjectConfigurationPlatforms) = postSolution
		{6F0540A1-76CF-45D2-898C-7F29DC64E92F}.Debug|Any CPU.ActiveCfg = Debug|Any CPU
		{6F0540A1-76CF-45D2-898C-7F29DC64E92F}.Debug|Any CPU.Build.0 = Debug|Any CPU
		{6F0540A1-76CF-45D2-898C-7F29DC64E92F}.Debug|x64.ActiveCfg = Debug|Any CPU
		{6F0540A1-76CF-45D2-898C-7F29DC64E92F}.Debug|x64.Build.0 = Debug|Any CPU
		{6F0540A1-76CF-45D2-898C-7F29DC64E92F}.Debug|x86.ActiveCfg = Debug|Any CPU
		{6F0540A1-76CF-45D2-898C-7F29DC64E92F}.Debug|x86.Build.0 = Debug|Any CPU
		{6F0540A1-76CF-45D2-898C-7F29DC64E92F}.Release|Any CPU.ActiveCfg = Release|Any CPU
		{6F0540A1-76CF-45D2-898C-7F29DC64E92F}.Release|Any CPU.Build.0 = Release|Any CPU
		{6F0540A1-76CF-45D2-898C-7F29DC64E92F}.Release|x64.ActiveCfg = Release|Any CPU
		{6F0540A1-76CF-45D2-898C-7F29DC64E92F}.Release|x64.Build.0 = Release|Any CPU
		{6F0540A1-76CF-45D2-898C-7F29DC64E92F}.Release|x86.ActiveCfg = Release|Any CPU
		{6F0540A1-76CF-45D2-898C-7F29DC64E92F}.Release|x86.Build.0 = Release|Any CPU
		{3403426E-716D-43A0-B634-B4FFC7968278}.Debug|Any CPU.ActiveCfg = Debug|Any CPU
		{3403426E-716D-43A0-B634-B4FFC7968278}.Debug|Any CPU.Build.0 = Debug|Any CPU
		{3403426E-716D-43A0-B634-B4FFC7968278}.Debug|x64.ActiveCfg = Debug|Any CPU
		{3403426E-716D-43A0-B634-B4FFC7968278}.Debug|x64.Build.0 = Debug|Any CPU
		{3403426E-716D-43A0-B634-B4FFC7968278}.Debug|x86.ActiveCfg = Debug|Any CPU
		{3403426E-716D-43A0-B634-B4FFC7968278}.Debug|x86.Build.0 = Debug|Any CPU
		{3403426E-716D-43A0-B634-B4FFC7968278}.Release|Any CPU.ActiveCfg = Release|Any CPU
		{3403426E-716D-43A0-B634-B4FFC7968278}.Release|Any CPU.Build.0 = Release|Any CPU
		{3403426E-716D-43A0-B634-B4FFC7968278}.Release|x64.ActiveCfg = Release|Any CPU
		{3403426E-716D-43A0-B634-B4FFC7968278}.Release|x64.Build.0 = Release|Any CPU
		{3403426E-716D-43A0-B634-B4FFC7968278}.Release|x86.ActiveCfg = Release|Any CPU
		{3403426E-716D-43A0-B634-B4FFC7968278}.Release|x86.Build.0 = Release|Any CPU
		{6EA1CEB2-4F45-4028-84E4-5AB9D0F54CC7}.Debug|Any CPU.ActiveCfg = Debug|Any CPU
		{6EA1CEB2-4F45-4028-84E4-5AB9D0F54CC7}.Debug|Any CPU.Build.0 = Debug|Any CPU
		{6EA1CEB2-4F45-4028-84E4-5AB9D0F54CC7}.Debug|x64.ActiveCfg = Debug|Any CPU
		{6EA1CEB2-4F45-4028-84E4-5AB9D0F54CC7}.Debug|x64.Build.0 = Debug|Any CPU
		{6EA1CEB2-4F45-4028-84E4-5AB9D0F54CC7}.Debug|x86.ActiveCfg = Debug|Any CPU
		{6EA1CEB2-4F45-4028-84E4-5AB9D0F54CC7}.Debug|x86.Build.0 = Debug|Any CPU
		{6EA1CEB2-4F45-4028-84E4-5AB9D0F54CC7}.Release|Any CPU.ActiveCfg = Release|Any CPU
		{6EA1CEB2-4F45-4028-84E4-5AB9D0F54CC7}.Release|Any CPU.Build.0 = Release|Any CPU
		{6EA1CEB2-4F45-4028-84E4-5AB9D0F54CC7}.Release|x64.ActiveCfg = Release|Any CPU
		{6EA1CEB2-4F45-4028-84E4-5AB9D0F54CC7}.Release|x64.Build.0 = Release|Any CPU
		{6EA1CEB2-4F45-4028-84E4-5AB9D0F54CC7}.Release|x86.ActiveCfg = Release|Any CPU
		{6EA1CEB2-4F45-4028-84E4-5AB9D0F54CC7}.Release|x86.Build.0 = Release|Any CPU
		{4AB26533-1F36-4965-A738-ADD4703DB93C}.Debug|Any CPU.ActiveCfg = Debug|Any CPU
		{4AB26533-1F36-4965-A738-ADD4703DB93C}.Debug|Any CPU.Build.0 = Debug|Any CPU
		{4AB26533-1F36-4965-A738-ADD4703DB93C}.Debug|x64.ActiveCfg = Debug|Any CPU
		{4AB26533-1F36-4965-A738-ADD4703DB93C}.Debug|x64.Build.0 = Debug|Any CPU
		{4AB26533-1F36-4965-A738-ADD4703DB93C}.Debug|x86.ActiveCfg = Debug|Any CPU
		{4AB26533-1F36-4965-A738-ADD4703DB93C}.Debug|x86.Build.0 = Debug|Any CPU
		{4AB26533-1F36-4965-A738-ADD4703DB93C}.Release|Any CPU.ActiveCfg = Release|Any CPU
		{4AB26533-1F36-4965-A738-ADD4703DB93C}.Release|Any CPU.Build.0 = Release|Any CPU
		{4AB26533-1F36-4965-A738-ADD4703DB93C}.Release|x64.ActiveCfg = Release|Any CPU
		{4AB26533-1F36-4965-A738-ADD4703DB93C}.Release|x64.Build.0 = Release|Any CPU
		{4AB26533-1F36-4965-A738-ADD4703DB93C}.Release|x86.ActiveCfg = Release|Any CPU
		{4AB26533-1F36-4965-A738-ADD4703DB93C}.Release|x86.Build.0 = Release|Any CPU
		{6E231C4A-4A94-47C7-B932-B26C6A0936CC}.Debug|Any CPU.ActiveCfg = Debug|Any CPU
		{6E231C4A-4A94-47C7-B932-B26C6A0936CC}.Debug|Any CPU.Build.0 = Debug|Any CPU
		{6E231C4A-4A94-47C7-B932-B26C6A0936CC}.Debug|x64.ActiveCfg = Debug|Any CPU
		{6E231C4A-4A94-47C7-B932-B26C6A0936CC}.Debug|x64.Build.0 = Debug|Any CPU
		{6E231C4A-4A94-47C7-B932-B26C6A0936CC}.Debug|x86.ActiveCfg = Debug|Any CPU
		{6E231C4A-4A94-47C7-B932-B26C6A0936CC}.Debug|x86.Build.0 = Debug|Any CPU
		{6E231C4A-4A94-47C7-B932-B26C6A0936CC}.Release|Any CPU.ActiveCfg = Release|Any CPU
		{6E231C4A-4A94-47C7-B932-B26C6A0936CC}.Release|Any CPU.Build.0 = Release|Any CPU
		{6E231C4A-4A94-47C7-B932-B26C6A0936CC}.Release|x64.ActiveCfg = Release|Any CPU
		{6E231C4A-4A94-47C7-B932-B26C6A0936CC}.Release|x64.Build.0 = Release|Any CPU
		{6E231C4A-4A94-47C7-B932-B26C6A0936CC}.Release|x86.ActiveCfg = Release|Any CPU
		{6E231C4A-4A94-47C7-B932-B26C6A0936CC}.Release|x86.Build.0 = Release|Any CPU
		{F0FEA3E7-B229-4F52-AB23-E2BAECA7893E}.Debug|Any CPU.ActiveCfg = Debug|Any CPU
		{F0FEA3E7-B229-4F52-AB23-E2BAECA7893E}.Debug|Any CPU.Build.0 = Debug|Any CPU
		{F0FEA3E7-B229-4F52-AB23-E2BAECA7893E}.Debug|x64.ActiveCfg = Debug|Any CPU
		{F0FEA3E7-B229-4F52-AB23-E2BAECA7893E}.Debug|x64.Build.0 = Debug|Any CPU
		{F0FEA3E7-B229-4F52-AB23-E2BAECA7893E}.Debug|x86.ActiveCfg = Debug|Any CPU
		{F0FEA3E7-B229-4F52-AB23-E2BAECA7893E}.Debug|x86.Build.0 = Debug|Any CPU
		{F0FEA3E7-B229-4F52-AB23-E2BAECA7893E}.Release|Any CPU.ActiveCfg = Release|Any CPU
		{F0FEA3E7-B229-4F52-AB23-E2BAECA7893E}.Release|Any CPU.Build.0 = Release|Any CPU
		{F0FEA3E7-B229-4F52-AB23-E2BAECA7893E}.Release|x64.ActiveCfg = Release|Any CPU
		{F0FEA3E7-B229-4F52-AB23-E2BAECA7893E}.Release|x64.Build.0 = Release|Any CPU
		{F0FEA3E7-B229-4F52-AB23-E2BAECA7893E}.Release|x86.ActiveCfg = Release|Any CPU
		{F0FEA3E7-B229-4F52-AB23-E2BAECA7893E}.Release|x86.Build.0 = Release|Any CPU
		{657BFB91-1AC4-400F-9841-FDB345BD6E12}.Debug|Any CPU.ActiveCfg = Debug|Any CPU
		{657BFB91-1AC4-400F-9841-FDB345BD6E12}.Debug|Any CPU.Build.0 = Debug|Any CPU
		{657BFB91-1AC4-400F-9841-FDB345BD6E12}.Debug|x64.ActiveCfg = Debug|Any CPU
		{657BFB91-1AC4-400F-9841-FDB345BD6E12}.Debug|x64.Build.0 = Debug|Any CPU
		{657BFB91-1AC4-400F-9841-FDB345BD6E12}.Debug|x86.ActiveCfg = Debug|Any CPU
		{657BFB91-1AC4-400F-9841-FDB345BD6E12}.Debug|x86.Build.0 = Debug|Any CPU
		{657BFB91-1AC4-400F-9841-FDB345BD6E12}.Release|Any CPU.ActiveCfg = Release|Any CPU
		{657BFB91-1AC4-400F-9841-FDB345BD6E12}.Release|Any CPU.Build.0 = Release|Any CPU
		{657BFB91-1AC4-400F-9841-FDB345BD6E12}.Release|x64.ActiveCfg = Release|Any CPU
		{657BFB91-1AC4-400F-9841-FDB345BD6E12}.Release|x64.Build.0 = Release|Any CPU
		{657BFB91-1AC4-400F-9841-FDB345BD6E12}.Release|x86.ActiveCfg = Release|Any CPU
		{657BFB91-1AC4-400F-9841-FDB345BD6E12}.Release|x86.Build.0 = Release|Any CPU
	EndGlobalSection
	GlobalSection(SolutionProperties) = preSolution
		HideSolutionNode = FALSE
	EndGlobalSection
	GlobalSection(ExtensibilityGlobals) = postSolution
		SolutionGuid = {29EC978A-39B6-437F-90CC-3230F5FD70F3}
	EndGlobalSection
EndGlobal
