
Microsoft Visual Studio Solution File, Format Version 12.00
# Visual Studio 15
VisualStudioVersion = 15.0.28307.779
MinimumVisualStudioVersion = 10.0.40219.1
Project("{9A19103F-16F7-4668-BE54-9A1E7A4F7556}") = "Exception01_TryCatch", "Exeption01_TryCatch\Exception01_TryCatch.csproj", "{84E3E574-1688-46D1-9044-7A23A2A4C260}"
EndProject
Project("{9A19103F-16F7-4668-BE54-9A1E7A4F7556}") = "Exception02_throw", "Execption02_throw\Exception02_throw.csproj", "{37298303-533C-424C-A0F6-E337DAC056E4}"
EndProject
Project("{9A19103F-16F7-4668-BE54-9A1E7A4F7556}") = "Exception03_throw", "Exception03_throw\Exception03_throw.csproj", "{3087DA3C-6210-49A0-8AE0-342EB831AEA6}"
EndProject
Project("{9A19103F-16F7-4668-BE54-9A1E7A4F7556}") = "Exception04_finally", "Exception04_finally\Exception04_finally.csproj", "{56CB46D2-2C0F-4FB8-8E2C-852BB071E906}"
EndProject
Project("{FAE04EC0-301F-11D3-BF4B-00C04F79EFBC}") = "Exercise16", "Exercise16\Exercise16.csproj", "{B30C12E6-6F45-4D27-B6E1-ACF9AEAFE0ED}"
EndProject
Global
	GlobalSection(SolutionConfigurationPlatforms) = preSolution
		Debug|Any CPU = Debug|Any CPU
		Release|Any CPU = Release|Any CPU
	EndGlobalSection
	GlobalSection(ProjectConfigurationPlatforms) = postSolution
		{84E3E574-1688-46D1-9044-7A23A2A4C260}.Debug|Any CPU.ActiveCfg = Debug|Any CPU
		{84E3E574-1688-46D1-9044-7A23A2A4C260}.Debug|Any CPU.Build.0 = Debug|Any CPU
		{84E3E574-1688-46D1-9044-7A23A2A4C260}.Release|Any CPU.ActiveCfg = Release|Any CPU
		{84E3E574-1688-46D1-9044-7A23A2A4C260}.Release|Any CPU.Build.0 = Release|Any CPU
		{37298303-533C-424C-A0F6-E337DAC056E4}.Debug|Any CPU.ActiveCfg = Debug|Any CPU
		{37298303-533C-424C-A0F6-E337DAC056E4}.Debug|Any CPU.Build.0 = Debug|Any CPU
		{37298303-533C-424C-A0F6-E337DAC056E4}.Release|Any CPU.ActiveCfg = Release|Any CPU
		{37298303-533C-424C-A0F6-E337DAC056E4}.Release|Any CPU.Build.0 = Release|Any CPU
		{3087DA3C-6210-49A0-8AE0-342EB831AEA6}.Debug|Any CPU.ActiveCfg = Debug|Any CPU
		{3087DA3C-6210-49A0-8AE0-342EB831AEA6}.Debug|Any CPU.Build.0 = Debug|Any CPU
		{3087DA3C-6210-49A0-8AE0-342EB831AEA6}.Release|Any CPU.ActiveCfg = Release|Any CPU
		{3087DA3C-6210-49A0-8AE0-342EB831AEA6}.Release|Any CPU.Build.0 = Release|Any CPU
		{56CB46D2-2C0F-4FB8-8E2C-852BB071E906}.Debug|Any CPU.ActiveCfg = Debug|Any CPU
		{56CB46D2-2C0F-4FB8-8E2C-852BB071E906}.Debug|Any CPU.Build.0 = Debug|Any CPU
		{56CB46D2-2C0F-4FB8-8E2C-852BB071E906}.Release|Any CPU.ActiveCfg = Release|Any CPU
		{56CB46D2-2C0F-4FB8-8E2C-852BB071E906}.Release|Any CPU.Build.0 = Release|Any CPU
		{B30C12E6-6F45-4D27-B6E1-ACF9AEAFE0ED}.Debug|Any CPU.ActiveCfg = Debug|Any CPU
		{B30C12E6-6F45-4D27-B6E1-ACF9AEAFE0ED}.Debug|Any CPU.Build.0 = Debug|Any CPU
		{B30C12E6-6F45-4D27-B6E1-ACF9AEAFE0ED}.Release|Any CPU.ActiveCfg = Release|Any CPU
		{B30C12E6-6F45-4D27-B6E1-ACF9AEAFE0ED}.Release|Any CPU.Build.0 = Release|Any CPU
	EndGlobalSection
	GlobalSection(SolutionProperties) = preSolution
		HideSolutionNode = FALSE
	EndGlobalSection
	GlobalSection(ExtensibilityGlobals) = postSolution
		SolutionGuid = {121530BB-E296-48C5-B091-BAC021FE518A}
	EndGlobalSection
EndGlobal
