
Microsoft Visual Studio Solution File, Format Version 12.00
# Visual Studio 15
VisualStudioVersion = 15.0.28307.779
MinimumVisualStudioVersion = 10.0.40219.1
Project("{9A19103F-16F7-4668-BE54-9A1E7A4F7556}") = "LinQ01", "LinQ01\LinQ01.csproj", "{9A5FFDBB-C230-4996-933F-C642390DE9E0}"
EndProject
Project("{9A19103F-16F7-4668-BE54-9A1E7A4F7556}") = "LinQ02", "LinQ02\LinQ02.csproj", "{9DDE3C05-B30F-4998-8145-E6572FB78BF3}"
EndProject
Project("{9A19103F-16F7-4668-BE54-9A1E7A4F7556}") = "LinQ03", "LinQ03\LinQ03.csproj", "{53433281-7154-484C-B26B-5E3DAEC0B323}"
EndProject
Project("{9A19103F-16F7-4668-BE54-9A1E7A4F7556}") = "LinQ04", "LinQ04\LinQ04.csproj", "{F1FA1121-87D9-4998-9B16-51ECCFB6E309}"
EndProject
Project("{FAE04EC0-301F-11D3-BF4B-00C04F79EFBC}") = "LinQ05_Join", "LinQ05_Join\LinQ05_Join.csproj", "{FCBA1F31-01F5-4D4F-8C20-360E7F51876E}"
EndProject
Project("{FAE04EC0-301F-11D3-BF4B-00C04F79EFBC}") = "LinQ06", "LinQ06\LinQ06.csproj", "{D54745B1-37EB-4BD3-8974-9D3CA0A039E5}"
EndProject
Global
	GlobalSection(SolutionConfigurationPlatforms) = preSolution
		Debug|Any CPU = Debug|Any CPU
		Release|Any CPU = Release|Any CPU
	EndGlobalSection
	GlobalSection(ProjectConfigurationPlatforms) = postSolution
		{9A5FFDBB-C230-4996-933F-C642390DE9E0}.Debug|Any CPU.ActiveCfg = Debug|Any CPU
		{9A5FFDBB-C230-4996-933F-C642390DE9E0}.Debug|Any CPU.Build.0 = Debug|Any CPU
		{9A5FFDBB-C230-4996-933F-C642390DE9E0}.Release|Any CPU.ActiveCfg = Release|Any CPU
		{9A5FFDBB-C230-4996-933F-C642390DE9E0}.Release|Any CPU.Build.0 = Release|Any CPU
		{9DDE3C05-B30F-4998-8145-E6572FB78BF3}.Debug|Any CPU.ActiveCfg = Debug|Any CPU
		{9DDE3C05-B30F-4998-8145-E6572FB78BF3}.Debug|Any CPU.Build.0 = Debug|Any CPU
		{9DDE3C05-B30F-4998-8145-E6572FB78BF3}.Release|Any CPU.ActiveCfg = Release|Any CPU
		{9DDE3C05-B30F-4998-8145-E6572FB78BF3}.Release|Any CPU.Build.0 = Release|Any CPU
		{53433281-7154-484C-B26B-5E3DAEC0B323}.Debug|Any CPU.ActiveCfg = Debug|Any CPU
		{53433281-7154-484C-B26B-5E3DAEC0B323}.Debug|Any CPU.Build.0 = Debug|Any CPU
		{53433281-7154-484C-B26B-5E3DAEC0B323}.Release|Any CPU.ActiveCfg = Release|Any CPU
		{53433281-7154-484C-B26B-5E3DAEC0B323}.Release|Any CPU.Build.0 = Release|Any CPU
		{F1FA1121-87D9-4998-9B16-51ECCFB6E309}.Debug|Any CPU.ActiveCfg = Debug|Any CPU
		{F1FA1121-87D9-4998-9B16-51ECCFB6E309}.Debug|Any CPU.Build.0 = Debug|Any CPU
		{F1FA1121-87D9-4998-9B16-51ECCFB6E309}.Release|Any CPU.ActiveCfg = Release|Any CPU
		{F1FA1121-87D9-4998-9B16-51ECCFB6E309}.Release|Any CPU.Build.0 = Release|Any CPU
		{FCBA1F31-01F5-4D4F-8C20-360E7F51876E}.Debug|Any CPU.ActiveCfg = Debug|Any CPU
		{FCBA1F31-01F5-4D4F-8C20-360E7F51876E}.Debug|Any CPU.Build.0 = Debug|Any CPU
		{FCBA1F31-01F5-4D4F-8C20-360E7F51876E}.Release|Any CPU.ActiveCfg = Release|Any CPU
		{FCBA1F31-01F5-4D4F-8C20-360E7F51876E}.Release|Any CPU.Build.0 = Release|Any CPU
		{D54745B1-37EB-4BD3-8974-9D3CA0A039E5}.Debug|Any CPU.ActiveCfg = Debug|Any CPU
		{D54745B1-37EB-4BD3-8974-9D3CA0A039E5}.Debug|Any CPU.Build.0 = Debug|Any CPU
		{D54745B1-37EB-4BD3-8974-9D3CA0A039E5}.Release|Any CPU.ActiveCfg = Release|Any CPU
		{D54745B1-37EB-4BD3-8974-9D3CA0A039E5}.Release|Any CPU.Build.0 = Release|Any CPU
	EndGlobalSection
	GlobalSection(SolutionProperties) = preSolution
		HideSolutionNode = FALSE
	EndGlobalSection
	GlobalSection(ExtensibilityGlobals) = postSolution
		SolutionGuid = {3F237894-A417-4C5F-AD1C-AF8DFC489E59}
	EndGlobalSection
EndGlobal
