
Microsoft Visual Studio Solution File, Format Version 12.00
# Visual Studio 15
VisualStudioVersion = 15.0.28307.779
MinimumVisualStudioVersion = 10.0.40219.1
Project("{FAE04EC0-301F-11D3-BF4B-00C04F79EFBC}") = "Lambda01", "Lambda01\Lambda01.csproj", "{6C74C857-D0A3-43E7-B2BD-73A330CCECA5}"
EndProject
Project("{FAE04EC0-301F-11D3-BF4B-00C04F79EFBC}") = "Lambda02_FuncAction", "Lambda02_FuncAction\Lambda02_FuncAction.csproj", "{F22CBC8E-CD44-4B0A-95CC-610C58B65B08}"
EndProject
Project("{FAE04EC0-301F-11D3-BF4B-00C04F79EFBC}") = "Lambda03_ExpressionMember", "Lambda03_ExpressionMember\Lambda03_ExpressionMember.csproj", "{5D930F5D-D7F6-46CB-8350-C1BC77645D3A}"
EndProject
Global
	GlobalSection(SolutionConfigurationPlatforms) = preSolution
		Debug|Any CPU = Debug|Any CPU
		Release|Any CPU = Release|Any CPU
	EndGlobalSection
	GlobalSection(ProjectConfigurationPlatforms) = postSolution
		{6C74C857-D0A3-43E7-B2BD-73A330CCECA5}.Debug|Any CPU.ActiveCfg = Debug|Any CPU
		{6C74C857-D0A3-43E7-B2BD-73A330CCECA5}.Debug|Any CPU.Build.0 = Debug|Any CPU
		{6C74C857-D0A3-43E7-B2BD-73A330CCECA5}.Release|Any CPU.ActiveCfg = Release|Any CPU
		{6C74C857-D0A3-43E7-B2BD-73A330CCECA5}.Release|Any CPU.Build.0 = Release|Any CPU
		{F22CBC8E-CD44-4B0A-95CC-610C58B65B08}.Debug|Any CPU.ActiveCfg = Debug|Any CPU
		{F22CBC8E-CD44-4B0A-95CC-610C58B65B08}.Debug|Any CPU.Build.0 = Debug|Any CPU
		{F22CBC8E-CD44-4B0A-95CC-610C58B65B08}.Release|Any CPU.ActiveCfg = Release|Any CPU
		{F22CBC8E-CD44-4B0A-95CC-610C58B65B08}.Release|Any CPU.Build.0 = Release|Any CPU
		{5D930F5D-D7F6-46CB-8350-C1BC77645D3A}.Debug|Any CPU.ActiveCfg = Debug|Any CPU
		{5D930F5D-D7F6-46CB-8350-C1BC77645D3A}.Debug|Any CPU.Build.0 = Debug|Any CPU
		{5D930F5D-D7F6-46CB-8350-C1BC77645D3A}.Release|Any CPU.ActiveCfg = Release|Any CPU
		{5D930F5D-D7F6-46CB-8350-C1BC77645D3A}.Release|Any CPU.Build.0 = Release|Any CPU
	EndGlobalSection
	GlobalSection(SolutionProperties) = preSolution
		HideSolutionNode = FALSE
	EndGlobalSection
	GlobalSection(ExtensibilityGlobals) = postSolution
		SolutionGuid = {F9229FA5-3C62-4169-9E1D-3DCD3FA0B54C}
	EndGlobalSection
EndGlobal
