
Microsoft Visual Studio Solution File, Format Version 12.00
# Visual Studio 15
VisualStudioVersion = 15.0.28307.779
MinimumVisualStudioVersion = 10.0.40219.1
Project("{9A19103F-16F7-4668-BE54-9A1E7A4F7556}") = "GenericHandling01", "GenericHandling01\GenericHandling01.csproj", "{CEB3084D-D71C-4372-A1BC-AC52E5B2B911}"
EndProject
Project("{9A19103F-16F7-4668-BE54-9A1E7A4F7556}") = "GenericClass01", "GenericHandling02\GenericClass01.csproj", "{51F8E5BA-5464-4358-8562-C3F6B964D60E}"
EndProject
Project("{9A19103F-16F7-4668-BE54-9A1E7A4F7556}") = "GenericMethod02", "GenericMethod02\GenericMethod02.csproj", "{60CC1E67-68B9-4BA5-97A3-D60ECA7450A4}"
EndProject
Project("{9A19103F-16F7-4668-BE54-9A1E7A4F7556}") = "GenericClass02", "GenericClass02\GenericClass02.csproj", "{AF0A7BAE-E32C-4B55-9DE9-595116209BCA}"
EndProject
Project("{9A19103F-16F7-4668-BE54-9A1E7A4F7556}") = "GenericConstraint01", "GenericConstraint01\GenericConstraint01.csproj", "{7E91F1D3-84B8-4CFB-9BEB-F21AB6D4D993}"
EndProject
Project("{FAE04EC0-301F-11D3-BF4B-00C04F79EFBC}") = "GenericConstraint02", "GenericConstraint02\GenericConstraint02.csproj", "{A0454A18-B5D4-41CF-B3FD-342B02AA4247}"
EndProject
Project("{FAE04EC0-301F-11D3-BF4B-00C04F79EFBC}") = "Exercise15", "Exercise15\Exercise15.csproj", "{12A99660-C2E7-4696-95A6-67AB94508AD8}"
EndProject
Global
	GlobalSection(SolutionConfigurationPlatforms) = preSolution
		Debug|Any CPU = Debug|Any CPU
		Release|Any CPU = Release|Any CPU
	EndGlobalSection
	GlobalSection(ProjectConfigurationPlatforms) = postSolution
		{CEB3084D-D71C-4372-A1BC-AC52E5B2B911}.Debug|Any CPU.ActiveCfg = Debug|Any CPU
		{CEB3084D-D71C-4372-A1BC-AC52E5B2B911}.Debug|Any CPU.Build.0 = Debug|Any CPU
		{CEB3084D-D71C-4372-A1BC-AC52E5B2B911}.Release|Any CPU.ActiveCfg = Release|Any CPU
		{CEB3084D-D71C-4372-A1BC-AC52E5B2B911}.Release|Any CPU.Build.0 = Release|Any CPU
		{51F8E5BA-5464-4358-8562-C3F6B964D60E}.Debug|Any CPU.ActiveCfg = Debug|Any CPU
		{51F8E5BA-5464-4358-8562-C3F6B964D60E}.Debug|Any CPU.Build.0 = Debug|Any CPU
		{51F8E5BA-5464-4358-8562-C3F6B964D60E}.Release|Any CPU.ActiveCfg = Release|Any CPU
		{51F8E5BA-5464-4358-8562-C3F6B964D60E}.Release|Any CPU.Build.0 = Release|Any CPU
		{60CC1E67-68B9-4BA5-97A3-D60ECA7450A4}.Debug|Any CPU.ActiveCfg = Debug|Any CPU
		{60CC1E67-68B9-4BA5-97A3-D60ECA7450A4}.Debug|Any CPU.Build.0 = Debug|Any CPU
		{60CC1E67-68B9-4BA5-97A3-D60ECA7450A4}.Release|Any CPU.ActiveCfg = Release|Any CPU
		{60CC1E67-68B9-4BA5-97A3-D60ECA7450A4}.Release|Any CPU.Build.0 = Release|Any CPU
		{AF0A7BAE-E32C-4B55-9DE9-595116209BCA}.Debug|Any CPU.ActiveCfg = Debug|Any CPU
		{AF0A7BAE-E32C-4B55-9DE9-595116209BCA}.Debug|Any CPU.Build.0 = Debug|Any CPU
		{AF0A7BAE-E32C-4B55-9DE9-595116209BCA}.Release|Any CPU.ActiveCfg = Release|Any CPU
		{AF0A7BAE-E32C-4B55-9DE9-595116209BCA}.Release|Any CPU.Build.0 = Release|Any CPU
		{7E91F1D3-84B8-4CFB-9BEB-F21AB6D4D993}.Debug|Any CPU.ActiveCfg = Debug|Any CPU
		{7E91F1D3-84B8-4CFB-9BEB-F21AB6D4D993}.Debug|Any CPU.Build.0 = Debug|Any CPU
		{7E91F1D3-84B8-4CFB-9BEB-F21AB6D4D993}.Release|Any CPU.ActiveCfg = Release|Any CPU
		{7E91F1D3-84B8-4CFB-9BEB-F21AB6D4D993}.Release|Any CPU.Build.0 = Release|Any CPU
		{A0454A18-B5D4-41CF-B3FD-342B02AA4247}.Debug|Any CPU.ActiveCfg = Debug|Any CPU
		{A0454A18-B5D4-41CF-B3FD-342B02AA4247}.Debug|Any CPU.Build.0 = Debug|Any CPU
		{A0454A18-B5D4-41CF-B3FD-342B02AA4247}.Release|Any CPU.ActiveCfg = Release|Any CPU
		{A0454A18-B5D4-41CF-B3FD-342B02AA4247}.Release|Any CPU.Build.0 = Release|Any CPU
		{12A99660-C2E7-4696-95A6-67AB94508AD8}.Debug|Any CPU.ActiveCfg = Debug|Any CPU
		{12A99660-C2E7-4696-95A6-67AB94508AD8}.Debug|Any CPU.Build.0 = Debug|Any CPU
		{12A99660-C2E7-4696-95A6-67AB94508AD8}.Release|Any CPU.ActiveCfg = Release|Any CPU
		{12A99660-C2E7-4696-95A6-67AB94508AD8}.Release|Any CPU.Build.0 = Release|Any CPU
	EndGlobalSection
	GlobalSection(SolutionProperties) = preSolution
		HideSolutionNode = FALSE
	EndGlobalSection
	GlobalSection(ExtensibilityGlobals) = postSolution
		SolutionGuid = {2F8B5CD5-2485-4CB6-BB7F-D69241DAAD29}
	EndGlobalSection
EndGlobal
